
Microsoft Visual Studio Solution File, Format Version 12.00
# Visual Studio Version 17
VisualStudioVersion = 17.5.33530.505
MinimumVisualStudioVersion = 10.0.40219.1
Project("{9A19103F-16F7-4668-BE54-9A1E7A4F7556}") = "StableDiffusion.ML.OnnxRuntime", "StableDiffusion.ML.OnnxRuntime\StableDiffusion.ML.OnnxRuntime.csproj", "{B20F19F7-75FF-454E-B324-0775EE6E4AE8}"
	ProjectSection(ProjectDependencies) = postProject
		{5A64FC26-6926-4A45-ACCE-1FE173166990} = {5A64FC26-6926-4A45-ACCE-1FE173166990}
	EndProjectSection
EndProject
Project("{9A19103F-16F7-4668-BE54-9A1E7A4F7556}") = "StableDiffusionGeneration", "StableDiffusionGeneration\StableDiffusionGeneration.csproj", "{3B0AB992-E246-4520-94C4-4B5CBA9BF51D}"
	ProjectSection(ProjectDependencies) = postProject
		{5A64FC26-6926-4A45-ACCE-1FE173166990} = {5A64FC26-6926-4A45-ACCE-1FE173166990}
		{B20F19F7-75FF-454E-B324-0775EE6E4AE8} = {B20F19F7-75FF-454E-B324-0775EE6E4AE8}
	EndProjectSection
EndProject
Project("{8BC9CEB8-8B4A-11D0-8D11-00A0C91BC942}") = "DirectXAdapterSelector", "DirectXAdapterSelector\DirectXAdapterSelector.vcxproj", "{5A64FC26-6926-4A45-ACCE-1FE173166990}"
EndProject
Global
	GlobalSection(SolutionConfigurationPlatforms) = preSolution
		Debug|Any CPU = Debug|Any CPU
		Debug|x64 = Debug|x64
		Debug|x86 = Debug|x86
		Release|Any CPU = Release|Any CPU
		Release|x64 = Release|x64
		Release|x86 = Release|x86
	EndGlobalSection
	GlobalSection(ProjectConfigurationPlatforms) = postSolution
		{B20F19F7-75FF-454E-B324-0775EE6E4AE8}.Debug|Any CPU.ActiveCfg = Debug|Any CPU
		{B20F19F7-75FF-454E-B324-0775EE6E4AE8}.Debug|Any CPU.Build.0 = Debug|Any CPU
		{B20F19F7-75FF-454E-B324-0775EE6E4AE8}.Debug|x64.ActiveCfg = Debug|Any CPU
		{B20F19F7-75FF-454E-B324-0775EE6E4AE8}.Debug|x64.Build.0 = Debug|Any CPU
		{B20F19F7-75FF-454E-B324-0775EE6E4AE8}.Debug|x86.ActiveCfg = Debug|Any CPU
		{B20F19F7-75FF-454E-B324-0775EE6E4AE8}.Release|Any CPU.ActiveCfg = Release|Any CPU
		{B20F19F7-75FF-454E-B324-0775EE6E4AE8}.Release|Any CPU.Build.0 = Release|Any CPU
		{B20F19F7-75FF-454E-B324-0775EE6E4AE8}.Release|x64.ActiveCfg = Release|Any CPU
		{B20F19F7-75FF-454E-B324-0775EE6E4AE8}.Release|x86.ActiveCfg = Release|Any CPU
		{3B0AB992-E246-4520-94C4-4B5CBA9BF51D}.Debug|Any CPU.ActiveCfg = Debug|x64
		{3B0AB992-E246-4520-94C4-4B5CBA9BF51D}.Debug|Any CPU.Build.0 = Debug|x64
		{3B0AB992-E246-4520-94C4-4B5CBA9BF51D}.Debug|x64.ActiveCfg = Debug|x64
		{3B0AB992-E246-4520-94C4-4B5CBA9BF51D}.Debug|x64.Build.0 = Debug|x64
		{3B0AB992-E246-4520-94C4-4B5CBA9BF51D}.Debug|x86.ActiveCfg = Debug|x64
		{3B0AB992-E246-4520-94C4-4B5CBA9BF51D}.Debug|x86.Build.0 = Debug|x64
		{3B0AB992-E246-4520-94C4-4B5CBA9BF51D}.Release|Any CPU.ActiveCfg = Release|x64
		{3B0AB992-E246-4520-94C4-4B5CBA9BF51D}.Release|Any CPU.Build.0 = Release|x64
		{3B0AB992-E246-4520-94C4-4B5CBA9BF51D}.Release|x64.ActiveCfg = Release|x64
		{3B0AB992-E246-4520-94C4-4B5CBA9BF51D}.Release|x64.Build.0 = Release|x64
		{3B0AB992-E246-4520-94C4-4B5CBA9BF51D}.Release|x86.ActiveCfg = Release|x64
		{3B0AB992-E246-4520-94C4-4B5CBA9BF51D}.Release|x86.Build.0 = Release|x64
		{5A64FC26-6926-4A45-ACCE-1FE173166990}.Debug|Any CPU.ActiveCfg = Debug|x64
		{5A64FC26-6926-4A45-ACCE-1FE173166990}.Debug|Any CPU.Build.0 = Debug|x64
		{5A64FC26-6926-4A45-ACCE-1FE173166990}.Debug|x64.ActiveCfg = Debug|x64
		{5A64FC26-6926-4A45-ACCE-1FE173166990}.Debug|x64.Build.0 = Debug|x64
		{5A64FC26-6926-4A45-ACCE-1FE173166990}.Debug|x86.ActiveCfg = Debug|x64
		{5A64FC26-6926-4A45-ACCE-1FE173166990}.Release|Any CPU.ActiveCfg = Release|x64
		{5A64FC26-6926-4A45-ACCE-1FE173166990}.Release|Any CPU.Build.0 = Release|x64
		{5A64FC26-6926-4A45-ACCE-1FE173166990}.Release|x64.ActiveCfg = Release|x64
		{5A64FC26-6926-4A45-ACCE-1FE173166990}.Release|x64.Build.0 = Release|x64
		{5A64FC26-6926-4A45-ACCE-1FE173166990}.Release|x86.ActiveCfg = Release|x64
		{5A64FC26-6926-4A45-ACCE-1FE173166990}.Release|x86.Build.0 = Release|x64
	EndGlobalSection
	GlobalSection(SolutionProperties) = preSolution
		HideSolutionNode = FALSE
	EndGlobalSection
	GlobalSection(ExtensibilityGlobals) = postSolution
		SolutionGuid = {D6FA4E17-A51D-4608-BCFE-3C0737B2A8EE}
	EndGlobalSection
EndGlobal
